# Generated by uv
# This is a stub lockfile - real lockfile would be much larger

[[package]]
name = "openenv-core"
version = "0.2.0"
source = { registry = "https://pypi.org/simple" }

[[package]]
name = "fastapi"
version = "0.115.0"
source = { registry = "https://pypi.org/simple" }

[[package]]
name = "uvicorn"
version = "0.30.6"
source = { registry = "https://pypi.org/simple" }

[[package]]
name = "pydantic"
version = "2.9.2"
source = { registry = "https://pypi.org/simple" }

[[package]]
name = "httpx"
version = "0.27.2"
source = { registry = "https://pypi.org/simple" }

[[package]]
name = "openai"
version = "1.51.0"
source = { registry = "https://pypi.org/simple" }